dependencies:
- name: postgresql
  repository: file://../postgresql
  version: 1.0.0
- name: mongodb
  repository: file://../mongodb
  version: 1.0.0
- name: redis
  repository: file://../redis
  version: 1.0.0
- name: minio
  repository: file://../minio
  version: 1.0.0
digest: sha256:1ee9a9827605eeab3d23c1f9bd62806865e1c3f3abe4563e126d6524c250ca42
generated: "2025-12-30T22:21:46.832270928Z"
